
Microsoft Visual Studio Solution File, Format Version 12.00
# Visual Studio Version 16
VisualStudioVersion = 16.0.30406.217
MinimumVisualStudioVersion = 10.0.40219.1
Project("{FAE04EC0-301F-11D3-BF4B-00C04F79EFBC}") = "MvcMovie", "MvcMovie.csproj", "{45448537-F063-4B6D-9024-B3BA59197D39}"
EndProject
Global
	GlobalSection(SolutionConfigurationPlatforms) = preSolution
		Debug|Any CPU = Debug|Any CPU
		Release|Any CPU = Release|Any CPU
	EndGlobalSection
	GlobalSection(ProjectConfigurationPlatforms) = postSolution
		{45448537-F063-4B6D-9024-B3BA59197D39}.Debug|Any CPU.ActiveCfg = Debug|Any CPU
		{45448537-F063-4B6D-9024-B3BA59197D39}.Debug|Any CPU.Build.0 = Debug|Any CPU
		{45448537-F063-4B6D-9024-B3BA59197D39}.Release|Any CPU.ActiveCfg = Release|Any CPU
		{45448537-F063-4B6D-9024-B3BA59197D39}.Release|Any CPU.Build.0 = Release|Any CPU
	EndGlobalSection
	GlobalSection(SolutionProperties) = preSolution
		HideSolutionNode = FALSE
	EndGlobalSection
	GlobalSection(ExtensibilityGlobals) = postSolution
		SolutionGuid = {5F3169D8-4093-4F9C-A7F0-C6B1D8F1E5EE}
	EndGlobalSection
EndGlobal
